// !$*UTF8*$!
{
	archiveVersion = 1;
	classes = {
	};
	objectVersion = 77;
	objects = {

/* Begin PBXBuildFile section */
		52A61DE6B4F806043C41D475 /* Pods_JustNewsUITests.framework in Frameworks */ = {isa = PBXBuildFile; fileRef = 8EA1E291F8D268A08702C94A /* Pods_JustNewsUITests.framework */; };
		F7140895AD027E5482079AA6 /* Pods_JustNewsTests.framework in Frameworks */ = {isa = PBXBuildFile; fileRef = 86F3149C5C641F1696FA413C /* Pods_JustNewsTests.framework */; };
		FA1184EA6F18160DABADC5ED /* Pods_JustNews.framework in Frameworks */ = {isa = PBXBuildFile; fileRef = E50CED8B72D1D4994872F799 /* Pods_JustNews.framework */; };
/* End PBXBuildFile section */

/* Begin PBXContainerItemProxy section */
		F83C735C2CE593AB005C681A /* PBXContainerItemProxy */ = {
			isa = PBXContainerItemProxy;
			containerPortal = F83C733D2CE593A6005C681A /* Project object */;
			proxyType = 1;
			remoteGlobalIDString = F83C73442CE593A6005C681A;
			remoteInfo = JustNews;
		};
		F83C73662CE593AB005C681A /* PBXContainerItemProxy */ = {
			isa = PBXContainerItemProxy;
			containerPortal = F83C733D2CE593A6005C681A /* Project object */;
			proxyType = 1;
			remoteGlobalIDString = F83C73442CE593A6005C681A;
			remoteInfo = JustNews;
		};
/* End PBXContainerItemProxy section */

/* Begin PBXFileReference section */
		097B03315B83308917C5A1C7 /* Pods-JustNewsTests.release.xcconfig */ = {isa = PBXFileReference; includeInIndex = 1; lastKnownFileType = text.xcconfig; name = "Pods-JustNewsTests.release.xcconfig"; path = "Target Support Files/Pods-JustNewsTests/Pods-JustNewsTests.release.xcconfig"; sourceTree = "<group>"; };
		0E62E8880AC167163AF60CC1 /* Pods-JustNews.release.xcconfig */ = {isa = PBXFileReference; includeInIndex = 1; lastKnownFileType = text.xcconfig; name = "Pods-JustNews.release.xcconfig"; path = "Target Support Files/Pods-JustNews/Pods-JustNews.release.xcconfig"; sourceTree = "<group>"; };
		1BEC244628B271B99516918E /* Pods-JustNewsUITests.debug.xcconfig */ = {isa = PBXFileReference; includeInIndex = 1; lastKnownFileType = text.xcconfig; name = "Pods-JustNewsUITests.debug.xcconfig"; path = "Target Support Files/Pods-JustNewsUITests/Pods-JustNewsUITests.debug.xcconfig"; sourceTree = "<group>"; };
		64AC07F9B55C613ACB15B588 /* Pods-JustNews.debug.xcconfig */ = {isa = PBXFileReference; includeInIndex = 1; lastKnownFileType = text.xcconfig; name = "Pods-JustNews.debug.xcconfig"; path = "Target Support Files/Pods-JustNews/Pods-JustNews.debug.xcconfig"; sourceTree = "<group>"; };
		86F3149C5C641F1696FA413C /* Pods_JustNewsTests.framework */ = {isa = PBXFileReference; explicitFileType = wrapper.framework; includeInIndex = 0; path = Pods_JustNewsTests.framework; sourceTree = BUILT_PRODUCTS_DIR; };
		8EA1E291F8D268A08702C94A /* Pods_JustNewsUITests.framework */ = {isa = PBXFileReference; explicitFileType = wrapper.framework; includeInIndex = 0; path = Pods_JustNewsUITests.framework; sourceTree = BUILT_PRODUCTS_DIR; };
		CD5647F6F7F96BD669524E89 /* Pods-JustNewsTests.debug.xcconfig */ = {isa = PBXFileReference; includeInIndex = 1; lastKnownFileType = text.xcconfig; name = "Pods-JustNewsTests.debug.xcconfig"; path = "Target Support Files/Pods-JustNewsTests/Pods-JustNewsTests.debug.xcconfig"; sourceTree = "<group>"; };
		D017C77DA7EFFF5DA87A4C59 /* Pods-JustNewsUITests.release.xcconfig */ = {isa = PBXFileReference; includeInIndex = 1; lastKnownFileType = text.xcconfig; name = "Pods-JustNewsUITests.release.xcconfig"; path = "Target Support Files/Pods-JustNewsUITests/Pods-JustNewsUITests.release.xcconfig"; sourceTree = "<group>"; };
		E50CED8B72D1D4994872F799 /* Pods_JustNews.framework */ = {isa = PBXFileReference; explicitFileType = wrapper.framework; includeInIndex = 0; path = Pods_JustNews.framework; sourceTree = BUILT_PRODUCTS_DIR; };
		F83C73452CE593A6005C681A /* JustNews.app */ = {isa = PBXFileReference; explicitFileType = wrapper.application; includeInIndex = 0; path = JustNews.app; sourceTree = BUILT_PRODUCTS_DIR; };
		F83C735B2CE593AB005C681A /* JustNewsTests.xctest */ = {isa = PBXFileReference; explicitFileType = wrapper.cfbundle; includeInIndex = 0; path = JustNewsTests.xctest; sourceTree = BUILT_PRODUCTS_DIR; };
		F83C73652CE593AB005C681A /* JustNewsUITests.xctest */ = {isa = PBXFileReference; explicitFileType = wrapper.cfbundle; includeInIndex = 0; path = JustNewsUITests.xctest; sourceTree = BUILT_PRODUCTS_DIR; };
/* End PBXFileReference section */

/* Begin PBXFileSystemSynchronizedBuildFileExceptionSet section */
		F83C736D2CE593AB005C681A /* Exceptions for "JustNews" folder in "JustNews" target */ = {
			isa = PBXFileSystemSynchronizedBuildFileExceptionSet;
			membershipExceptions = (
				Info.plist,
			);
			target = F83C73442CE593A6005C681A /* JustNews */;
		};
/* End PBXFileSystemSynchronizedBuildFileExceptionSet section */

/* Begin PBXFileSystemSynchronizedRootGroup section */
		F83C73472CE593A6005C681A /* JustNews */ = {
			isa = PBXFileSystemSynchronizedRootGroup;
			exceptions = (
				F83C736D2CE593AB005C681A /* Exceptions for "JustNews" folder in "JustNews" target */,
			);
			path = JustNews;
			sourceTree = "<group>";
		};
		F83C735E2CE593AB005C681A /* JustNewsTests */ = {
			isa = PBXFileSystemSynchronizedRootGroup;
			path = JustNewsTests;
			sourceTree = "<group>";
		};
		F83C73682CE593AB005C681A /* JustNewsUITests */ = {
			isa = PBXFileSystemSynchronizedRootGroup;
			path = JustNewsUITests;
			sourceTree = "<group>";
		};
/* End PBXFileSystemSynchronizedRootGroup section */

/* Begin PBXFrameworksBuildPhase section */
		F83C73422CE593A6005C681A /* Frameworks */ = {
			isa = PBXFrameworksBuildPhase;
			buildActionMask = 2147483647;
			files = (
				FA1184EA6F18160DABADC5ED /* Pods_JustNews.framework in Frameworks */,
			);
			runOnlyForDeploymentPostprocessing = 0;
		};
		F83C73582CE593AB005C681A /* Frameworks */ = {
			isa = PBXFrameworksBuildPhase;
			buildActionMask = 2147483647;
			files = (
				F7140895AD027E5482079AA6 /* Pods_JustNewsTests.framework in Frameworks */,
			);
			runOnlyForDeploymentPostprocessing = 0;
		};
		F83C73622CE593AB005C681A /* Frameworks */ = {
			isa = PBXFrameworksBuildPhase;
			buildActionMask = 2147483647;
			files = (
				52A61DE6B4F806043C41D475 /* Pods_JustNewsUITests.framework in Frameworks */,
			);
			runOnlyForDeploymentPostprocessing = 0;
		};
/* End PBXFrameworksBuildPhase section */

/* Begin PBXGroup section */
		12BA2347A5F64BA00C51C110 /* Pods */ = {
			isa = PBXGroup;
			children = (
				64AC07F9B55C613ACB15B588 /* Pods-JustNews.debug.xcconfig */,
				0E62E8880AC167163AF60CC1 /* Pods-JustNews.release.xcconfig */,
				CD5647F6F7F96BD669524E89 /* Pods-JustNewsTests.debug.xcconfig */,
				097B03315B83308917C5A1C7 /* Pods-JustNewsTests.release.xcconfig */,
				1BEC244628B271B99516918E /* Pods-JustNewsUITests.debug.xcconfig */,
				D017C77DA7EFFF5DA87A4C59 /* Pods-JustNewsUITests.release.xcconfig */,
			);
			path = Pods;
			sourceTree = "<group>";
		};
		2A5D26555E2C3A553B923183 /* Frameworks */ = {
			isa = PBXGroup;
			children = (
				E50CED8B72D1D4994872F799 /* Pods_JustNews.framework */,
				86F3149C5C641F1696FA413C /* Pods_JustNewsTests.framework */,
				8EA1E291F8D268A08702C94A /* Pods_JustNewsUITests.framework */,
			);
			name = Frameworks;
			sourceTree = "<group>";
		};
		F83C733C2CE593A6005C681A = {
			isa = PBXGroup;
			children = (
				F83C73472CE593A6005C681A /* JustNews */,
				F83C735E2CE593AB005C681A /* JustNewsTests */,
				F83C73682CE593AB005C681A /* JustNewsUITests */,
				F83C73462CE593A6005C681A /* Products */,
				12BA2347A5F64BA00C51C110 /* Pods */,
				2A5D26555E2C3A553B923183 /* Frameworks */,
			);
			sourceTree = "<group>";
		};
		F83C73462CE593A6005C681A /* Products */ = {
			isa = PBXGroup;
			children = (
				F83C73452CE593A6005C681A /* JustNews.app */,
				F83C735B2CE593AB005C681A /* JustNewsTests.xctest */,
				F83C73652CE593AB005C681A /* JustNewsUITests.xctest */,
			);
			name = Products;
			sourceTree = "<group>";
		};
/* End PBXGroup section */

/* Begin PBXNativeTarget section */
		F83C73442CE593A6005C681A /* JustNews */ = {
			isa = PBXNativeTarget;
			buildConfigurationList = F83C736E2CE593AB005C681A /* Build configuration list for PBXNativeTarget "JustNews" */;
			buildPhases = (
				8A49503DFC55FC1870F5DF9A /* [CP] Check Pods Manifest.lock */,
				F83C73412CE593A6005C681A /* Sources */,
				F83C73422CE593A6005C681A /* Frameworks */,
				F83C73432CE593A6005C681A /* Resources */,
				245BB45DBDFB2EAF709358A8 /* [CP] Embed Pods Frameworks */,
			);
			buildRules = (
			);
			dependencies = (
			);
			fileSystemSynchronizedGroups = (
				F83C73472CE593A6005C681A /* JustNews */,
			);
			name = JustNews;
			productName = JustNews;
			productReference = F83C73452CE593A6005C681A /* JustNews.app */;
			productType = "com.apple.product-type.application";
		};
		F83C735A2CE593AB005C681A /* JustNewsTests */ = {
			isa = PBXNativeTarget;
			buildConfigurationList = F83C73732CE593AB005C681A /* Build configuration list for PBXNativeTarget "JustNewsTests" */;
			buildPhases = (
				405F4A3BC125FA84CD1F335E /* [CP] Check Pods Manifest.lock */,
				F83C73572CE593AB005C681A /* Sources */,
				F83C73582CE593AB005C681A /* Frameworks */,
				F83C73592CE593AB005C681A /* Resources */,
				35330CA904D12E486AF3A3B9 /* [CP] Embed Pods Frameworks */,
			);
			buildRules = (
			);
			dependencies = (
				F83C735D2CE593AB005C681A /* PBXTargetDependency */,
			);
			fileSystemSynchronizedGroups = (
				F83C735E2CE593AB005C681A /* JustNewsTests */,
			);
			name = JustNewsTests;
			productName = JustNewsTests;
			productReference = F83C735B2CE593AB005C681A /* JustNewsTests.xctest */;
			productType = "com.apple.product-type.bundle.unit-test";
		};
		F83C73642CE593AB005C681A /* JustNewsUITests */ = {
			isa = PBXNativeTarget;
			buildConfigurationList = F83C73762CE593AB005C681A /* Build configuration list for PBXNativeTarget "JustNewsUITests" */;
			buildPhases = (
				09590D1A680541AE40B9F6EC /* [CP] Check Pods Manifest.lock */,
				F83C73612CE593AB005C681A /* Sources */,
				F83C73622CE593AB005C681A /* Frameworks */,
				F83C73632CE593AB005C681A /* Resources */,
				4E7759993BD303808475255E /* [CP] Embed Pods Frameworks */,
			);
			buildRules = (
			);
			dependencies = (
				F83C73672CE593AB005C681A /* PBXTargetDependency */,
			);
			fileSystemSynchronizedGroups = (
				F83C73682CE593AB005C681A /* JustNewsUITests */,
			);
			name = JustNewsUITests;
			productName = JustNewsUITests;
			productReference = F83C73652CE593AB005C681A /* JustNewsUITests.xctest */;
			productType = "com.apple.product-type.bundle.ui-testing";
		};
/* End PBXNativeTarget section */

/* Begin PBXProject section */
		F83C733D2CE593A6005C681A /* Project object */ = {
			isa = PBXProject;
			attributes = {
				BuildIndependentTargetsInParallel = 1;
				LastSwiftUpdateCheck = 1610;
				LastUpgradeCheck = 1610;
				TargetAttributes = {
					F83C73442CE593A6005C681A = {
						CreatedOnToolsVersion = 16.1;
					};
					F83C735A2CE593AB005C681A = {
						CreatedOnToolsVersion = 16.1;
						TestTargetID = F83C73442CE593A6005C681A;
					};
					F83C73642CE593AB005C681A = {
						CreatedOnToolsVersion = 16.1;
						TestTargetID = F83C73442CE593A6005C681A;
					};
				};
			};
			buildConfigurationList = F83C73402CE593A6005C681A /* Build configuration list for PBXProject "JustNews" */;
			developmentRegion = en;
			hasScannedForEncodings = 0;
			knownRegions = (
				en,
				Base,
			);
			mainGroup = F83C733C2CE593A6005C681A;
			minimizedProjectReferenceProxies = 1;
			preferredProjectObjectVersion = 77;
			productRefGroup = F83C73462CE593A6005C681A /* Products */;
			projectDirPath = "";
			projectRoot = "";
			targets = (
				F83C73442CE593A6005C681A /* JustNews */,
				F83C735A2CE593AB005C681A /* JustNewsTests */,
				F83C73642CE593AB005C681A /* JustNewsUITests */,
			);
		};
/* End PBXProject section */

/* Begin PBXResourcesBuildPhase section */
		F83C73432CE593A6005C681A /* Resources */ = {
			isa = PBXResourcesBuildPhase;
			buildActionMask = 2147483647;
			files = (
			);
			runOnlyForDeploymentPostprocessing = 0;
		};
		F83C73592CE593AB005C681A /* Resources */ = {
			isa = PBXResourcesBuildPhase;
			buildActionMask = 2147483647;
			files = (
			);
			runOnlyForDeploymentPostprocessing = 0;
		};
		F83C73632CE593AB005C681A /* Resources */ = {
			isa = PBXResourcesBuildPhase;
			buildActionMask = 2147483647;
			files = (
			);
			runOnlyForDeploymentPostprocessing = 0;
		};
/* End PBXResourcesBuildPhase section */

/* Begin PBXShellScriptBuildPhase section */
		09590D1A680541AE40B9F6EC /* [CP] Check Pods Manifest.lock */ = {
			isa = PBXShellScriptBuildPhase;
			buildActionMask = 2147483647;
			files = (
			);
			inputFileListPaths = (
			);
			inputPaths = (
				"${PODS_PODFILE_DIR_PATH}/Podfile.lock",
				"${PODS_ROOT}/Manifest.lock",
			);
			name = "[CP] Check Pods Manifest.lock";
			outputFileListPaths = (
			);
			outputPaths = (
				"$(DERIVED_FILE_DIR)/Pods-JustNewsUITests-checkManifestLockResult.txt",
			);
			runOnlyForDeploymentPostprocessing = 0;
			shellPath = /bin/sh;
			shellScript = "diff \"${PODS_PODFILE_DIR_PATH}/Podfile.lock\" \"${PODS_ROOT}/Manifest.lock\" > /dev/null\nif [ $? != 0 ] ; then\n    # print error to STDERR\n    echo \"error: The sandbox is not in sync with the Podfile.lock. Run 'pod install' or update your CocoaPods installation.\" >&2\n    exit 1\nfi\n# This output is used by Xcode 'outputs' to avoid re-running this script phase.\necho \"SUCCESS\" > \"${SCRIPT_OUTPUT_FILE_0}\"\n";
			showEnvVarsInLog = 0;
		};
		245BB45DBDFB2EAF709358A8 /* [CP] Embed Pods Frameworks */ = {
			isa = PBXShellScriptBuildPhase;
			buildActionMask = 2147483647;
			files = (
			);
			inputFileListPaths = (
				"${PODS_ROOT}/Target Support Files/Pods-JustNews/Pods-JustNews-frameworks-${CONFIGURATION}-input-files.xcfilelist",
			);
			name = "[CP] Embed Pods Frameworks";
			outputFileListPaths = (
				"${PODS_ROOT}/Target Support Files/Pods-JustNews/Pods-JustNews-frameworks-${CONFIGURATION}-output-files.xcfilelist",
			);
			runOnlyForDeploymentPostprocessing = 0;
			shellPath = /bin/sh;
			shellScript = "\"${PODS_ROOT}/Target Support Files/Pods-JustNews/Pods-JustNews-frameworks.sh\"\n";
			showEnvVarsInLog = 0;
		};
		35330CA904D12E486AF3A3B9 /* [CP] Embed Pods Frameworks */ = {
			isa = PBXShellScriptBuildPhase;
			buildActionMask = 2147483647;
			files = (
			);
			inputFileListPaths = (
				"${PODS_ROOT}/Target Support Files/Pods-JustNewsTests/Pods-JustNewsTests-frameworks-${CONFIGURATION}-input-files.xcfilelist",
			);
			name = "[CP] Embed Pods Frameworks";
			outputFileListPaths = (
				"${PODS_ROOT}/Target Support Files/Pods-JustNewsTests/Pods-JustNewsTests-frameworks-${CONFIGURATION}-output-files.xcfilelist",
			);
			runOnlyForDeploymentPostprocessing = 0;
			shellPath = /bin/sh;
			shellScript = "\"${PODS_ROOT}/Target Support Files/Pods-JustNewsTests/Pods-JustNewsTests-frameworks.sh\"\n";
			showEnvVarsInLog = 0;
		};
		405F4A3BC125FA84CD1F335E /* [CP] Check Pods Manifest.lock */ = {
			isa = PBXShellScriptBuildPhase;
			buildActionMask = 2147483647;
			files = (
			);
			inputFileListPaths = (
			);
			inputPaths = (
				"${PODS_PODFILE_DIR_PATH}/Podfile.lock",
				"${PODS_ROOT}/Manifest.lock",
			);
			name = "[CP] Check Pods Manifest.lock";
			outputFileListPaths = (
			);
			outputPaths = (
				"$(DERIVED_FILE_DIR)/Pods-JustNewsTests-checkManifestLockResult.txt",
			);
			runOnlyForDeploymentPostprocessing = 0;
			shellPath = /bin/sh;
			shellScript = "diff \"${PODS_PODFILE_DIR_PATH}/Podfile.lock\" \"${PODS_ROOT}/Manifest.lock\" > /dev/null\nif [ $? != 0 ] ; then\n    # print error to STDERR\n    echo \"error: The sandbox is not in sync with the Podfile.lock. Run 'pod install' or update your CocoaPods installation.\" >&2\n    exit 1\nfi\n# This output is used by Xcode 'outputs' to avoid re-running this script phase.\necho \"SUCCESS\" > \"${SCRIPT_OUTPUT_FILE_0}\"\n";
			showEnvVarsInLog = 0;
		};
		4E7759993BD303808475255E /* [CP] Embed Pods Frameworks */ = {
			isa = PBXShellScriptBuildPhase;
			buildActionMask = 2147483647;
			files = (
			);
			inputFileListPaths = (
				"${PODS_ROOT}/Target Support Files/Pods-JustNewsUITests/Pods-JustNewsUITests-frameworks-${CONFIGURATION}-input-files.xcfilelist",
			);
			name = "[CP] Embed Pods Frameworks";
			outputFileListPaths = (
				"${PODS_ROOT}/Target Support Files/Pods-JustNewsUITests/Pods-JustNewsUITests-frameworks-${CONFIGURATION}-output-files.xcfilelist",
			);
			runOnlyForDeploymentPostprocessing = 0;
			shellPath = /bin/sh;
			shellScript = "\"${PODS_ROOT}/Target Support Files/Pods-JustNewsUITests/Pods-JustNewsUITests-frameworks.sh\"\n";
			showEnvVarsInLog = 0;
		};
		8A49503DFC55FC1870F5DF9A /* [CP] Check Pods Manifest.lock */ = {
			isa = PBXShellScriptBuildPhase;
			buildActionMask = 2147483647;
			files = (
			);
			inputFileListPaths = (
			);
			inputPaths = (
				"${PODS_PODFILE_DIR_PATH}/Podfile.lock",
				"${PODS_ROOT}/Manifest.lock",
			);
			name = "[CP] Check Pods Manifest.lock";
			outputFileListPaths = (
			);
			outputPaths = (
				"$(DERIVED_FILE_DIR)/Pods-JustNews-checkManifestLockResult.txt",
			);
			runOnlyForDeploymentPostprocessing = 0;
			shellPath = /bin/sh;
			shellScript = "diff \"${PODS_PODFILE_DIR_PATH}/Podfile.lock\" \"${PODS_ROOT}/Manifest.lock\" > /dev/null\nif [ $? != 0 ] ; then\n    # print error to STDERR\n    echo \"error: The sandbox is not in sync with the Podfile.lock. Run 'pod install' or update your CocoaPods installation.\" >&2\n    exit 1\nfi\n# This output is used by Xcode 'outputs' to avoid re-running this script phase.\necho \"SUCCESS\" > \"${SCRIPT_OUTPUT_FILE_0}\"\n";
			showEnvVarsInLog = 0;
		};
/* End PBXShellScriptBuildPhase section */

/* Begin PBXSourcesBuildPhase section */
		F83C73412CE593A6005C681A /* Sources */ = {
			isa = PBXSourcesBuildPhase;
			buildActionMask = 2147483647;
			files = (
			);
			runOnlyForDeploymentPostprocessing = 0;
		};
		F83C73572CE593AB005C681A /* Sources */ = {
			isa = PBXSourcesBuildPhase;
			buildActionMask = 2147483647;
			files = (
			);
			runOnlyForDeploymentPostprocessing = 0;
		};
		F83C73612CE593AB005C681A /* Sources */ = {
			isa = PBXSourcesBuildPhase;
			buildActionMask = 2147483647;
			files = (
			);
			runOnlyForDeploymentPostprocessing = 0;
		};
/* End PBXSourcesBuildPhase section */

/* Begin PBXTargetDependency section */
		F83C735D2CE593AB005C681A /* PBXTargetDependency */ = {
			isa = PBXTargetDependency;
			target = F83C73442CE593A6005C681A /* JustNews */;
			targetProxy = F83C735C2CE593AB005C681A /* PBXContainerItemProxy */;
		};
		F83C73672CE593AB005C681A /* PBXTargetDependency */ = {
			isa = PBXTargetDependency;
			target = F83C73442CE593A6005C681A /* JustNews */;
			targetProxy = F83C73662CE593AB005C681A /* PBXContainerItemProxy */;
		};
/* End PBXTargetDependency section */

/* Begin XCBuildConfiguration section */
		F83C736F2CE593AB005C681A /* Debug */ = {
			isa = XCBuildConfiguration;
			baseConfigurationReference = 64AC07F9B55C613ACB15B588 /* Pods-JustNews.debug.xcconfig */;
			buildSettings = {
				ASSETCATALOG_COMPILER_APPICON_NAME = AppIcon;
				ASSETCATALOG_COMPILER_GLOBAL_ACCENT_COLOR_NAME = AccentColor;
				CODE_SIGN_STYLE = Automatic;
				CURRENT_PROJECT_VERSION = 1;
				GENERATE_INFOPLIST_FILE = YES;
				INFOPLIST_FILE = JustNews/Info.plist;
				INFOPLIST_KEY_UIApplicationSupportsIndirectInputEvents = YES;
				INFOPLIST_KEY_UILaunchStoryboardName = LaunchScreen;
				INFOPLIST_KEY_UIMainStoryboardFile = Main;
				INFOPLIST_KEY_UISupportedInterfaceOrientations_iPad = "UIInterfaceOrientationPortrait UIInterfaceOrientationPortraitUpsideDown UIInterfaceOrientationLandscapeLeft UIInterfaceOrientationLandscapeRight";
				INFOPLIST_KEY_UISupportedInterfaceOrientations_iPhone = "UIInterfaceOrientationPortrait UIInterfaceOrientationLandscapeLeft UIInterfaceOrientationLandscapeRight";
				LD_RUNPATH_SEARCH_PATHS = (
					"$(inherited)",
					"@executable_path/Frameworks",
				);
				MARKETING_VERSION = 1.0;
				PRODUCT_BUNDLE_IDENTIFIER = com.bawe.JustNews;
				PRODUCT_NAME = "$(TARGET_NAME)";
				SWIFT_EMIT_LOC_STRINGS = YES;
				SWIFT_VERSION = 5.0;
				TARGETED_DEVICE_FAMILY = "1,2";
			};
			name = Debug;
		};
		F83C73702CE593AB005C681A /* Release */ = {
			isa = XCBuildConfiguration;
			baseConfigurationReference = 0E62E8880AC167163AF60CC1 /* Pods-JustNews.release.xcconfig */;
			buildSettings = {
				ASSETCATALOG_COMPILER_APPICON_NAME = AppIcon;
				ASSETCATALOG_COMPILER_GLOBAL_ACCENT_COLOR_NAME = AccentColor;
				CODE_SIGN_STYLE = Automatic;
				CURRENT_PROJECT_VERSION = 1;
				GENERATE_INFOPLIST_FILE = YES;
				INFOPLIST_FILE = JustNews/Info.plist;
				INFOPLIST_KEY_UIApplicationSupportsIndirectInputEvents = YES;
				INFOPLIST_KEY_UILaunchStoryboardName = LaunchScreen;
				INFOPLIST_KEY_UIMainStoryboardFile = Main;
				INFOPLIST_KEY_UISupportedInterfaceOrientations_iPad = "UIInterfaceOrientationPortrait UIInterfaceOrientationPortraitUpsideDown UIInterfaceOrientationLandscapeLeft UIInterfaceOrientationLandscapeRight";
				INFOPLIST_KEY_UISupportedInterfaceOrientations_iPhone = "UIInterfaceOrientationPortrait UIInterfaceOrientationLandscapeLeft UIInterfaceOrientationLandscapeRight";
				LD_RUNPATH_SEARCH_PATHS = (
					"$(inherited)",
					"@executable_path/Frameworks",
				);
				MARKETING_VERSION = 1.0;
				PRODUCT_BUNDLE_IDENTIFIER = com.bawe.JustNews;
				PRODUCT_NAME = "$(TARGET_NAME)";
				SWIFT_EMIT_LOC_STRINGS = YES;
				SWIFT_VERSION = 5.0;
				TARGETED_DEVICE_FAMILY = "1,2";
			};
			name = Release;
		};
		F83C73712CE593AB005C681A /* Debug */ = {
			isa = XCBuildConfiguration;
			buildSettings = {
				ALWAYS_SEARCH_USER_PATHS = NO;
				ASSETCATALOG_COMPILER_GENERATE_SWIFT_ASSET_SYMBOL_EXTENSIONS = YES;
				CLANG_ANALYZER_NONNULL = YES;
				CLANG_ANALYZER_NUMBER_OBJECT_CONVERSION = YES_AGGRESSIVE;
				CLANG_CXX_LANGUAGE_STANDARD = "gnu++20";
				CLANG_ENABLE_MODULES = YES;
				CLANG_ENABLE_OBJC_ARC = YES;
				CLANG_ENABLE_OBJC_WEAK = YES;
				CLANG_WARN_BLOCK_CAPTURE_AUTORELEASING = YES;
				CLANG_WARN_BOOL_CONVERSION = YES;
				CLANG_WARN_COMMA = YES;
				CLANG_WARN_CONSTANT_CONVERSION = YES;
				CLANG_WARN_DEPRECATED_OBJC_IMPLEMENTATIONS = YES;
				CLANG_WARN_DIRECT_OBJC_ISA_USAGE = YES_ERROR;
				CLANG_WARN_DOCUMENTATION_COMMENTS = YES;
				CLANG_WARN_EMPTY_BODY = YES;
				CLANG_WARN_ENUM_CONVERSION = YES;
				CLANG_WARN_INFINITE_RECURSION = YES;
				CLANG_WARN_INT_CONVERSION = YES;
				CLANG_WARN_NON_LITERAL_NULL_CONVERSION = YES;
				CLANG_WARN_OBJC_IMPLICIT_RETAIN_SELF = YES;
				CLANG_WARN_OBJC_LITERAL_CONVERSION = YES;
				CLANG_WARN_OBJC_ROOT_CLASS = YES_ERROR;
				CLANG_WARN_QUOTED_INCLUDE_IN_FRAMEWORK_HEADER = YES;
				CLANG_WARN_RANGE_LOOP_ANALYSIS = YES;
				CLANG_WARN_STRICT_PROTOTYPES = YES;
				CLANG_WARN_SUSPICIOUS_MOVE = YES;
				CLANG_WARN_UNGUARDED_AVAILABILITY = YES_AGGRESSIVE;
				CLANG_WARN_UNREACHABLE_CODE = YES;
				CLANG_WARN__DUPLICATE_METHOD_MATCH = YES;
				COPY_PHASE_STRIP = NO;
				DEBUG_INFORMATION_FORMAT = dwarf;
				ENABLE_STRICT_OBJC_MSGSEND = YES;
				ENABLE_TESTABILITY = YES;
				ENABLE_USER_SCRIPT_SANDBOXING = YES;
				GCC_C_LANGUAGE_STANDARD = gnu17;
				GCC_DYNAMIC_NO_PIC = NO;
				GCC_NO_COMMON_BLOCKS = YES;
				GCC_OPTIMIZATION_LEVEL = 0;
				GCC_PREPROCESSOR_DEFINITIONS = (
					"DEBUG=1",
					"$(inherited)",
				);
				GCC_WARN_64_TO_32_BIT_CONVERSION = YES;
				GCC_WARN_ABOUT_RETURN_TYPE = YES_ERROR;
				GCC_WARN_UNDECLARED_SELECTOR = YES;
				GCC_WARN_UNINITIALIZED_AUTOS = YES_AGGRESSIVE;
				GCC_WARN_UNUSED_FUNCTION = YES;
				GCC_WARN_UNUSED_VARIABLE = YES;
				IPHONEOS_DEPLOYMENT_TARGET = 18.1;
				LOCALIZATION_PREFERS_STRING_CATALOGS = YES;
				MTL_ENABLE_DEBUG_INFO = INCLUDE_SOURCE;
				MTL_FAST_MATH = YES;
				ONLY_ACTIVE_ARCH = YES;
				SDKROOT = iphoneos;
				SWIFT_ACTIVE_COMPILATION_CONDITIONS = "DEBUG $(inherited)";
				SWIFT_OPTIMIZATION_LEVEL = "-Onone";
			};
			name = Debug;
		};
		F83C73722CE593AB005C681A /* Release */ = {
			isa = XCBuildConfiguration;
			buildSettings = {
				ALWAYS_SEARCH_USER_PATHS = NO;
				ASSETCATALOG_COMPILER_GENERATE_SWIFT_ASSET_SYMBOL_EXTENSIONS = YES;
				CLANG_ANALYZER_NONNULL = YES;
				CLANG_ANALYZER_NUMBER_OBJECT_CONVERSION = YES_AGGRESSIVE;
				CLANG_CXX_LANGUAGE_STANDARD = "gnu++20";
				CLANG_ENABLE_MODULES = YES;
				CLANG_ENABLE_OBJC_ARC = YES;
				CLANG_ENABLE_OBJC_WEAK = YES;
				CLANG_WARN_BLOCK_CAPTURE_AUTORELEASING = YES;
				CLANG_WARN_BOOL_CONVERSION = YES;
				CLANG_WARN_COMMA = YES;
				CLANG_WARN_CONSTANT_CONVERSION = YES;
				CLANG_WARN_DEPRECATED_OBJC_IMPLEMENTATIONS = YES;
				CLANG_WARN_DIRECT_OBJC_ISA_USAGE = YES_ERROR;
				CLANG_WARN_DOCUMENTATION_COMMENTS = YES;
				CLANG_WARN_EMPTY_BODY = YES;
				CLANG_WARN_ENUM_CONVERSION = YES;
				CLANG_WARN_INFINITE_RECURSION = YES;
				CLANG_WARN_INT_CONVERSION = YES;
				CLANG_WARN_NON_LITERAL_NULL_CONVERSION = YES;
				CLANG_WARN_OBJC_IMPLICIT_RETAIN_SELF = YES;
				CLANG_WARN_OBJC_LITERAL_CONVERSION = YES;
				CLANG_WARN_OBJC_ROOT_CLASS = YES_ERROR;
				CLANG_WARN_QUOTED_INCLUDE_IN_FRAMEWORK_HEADER = YES;
				CLANG_WARN_RANGE_LOOP_ANALYSIS = YES;
				CLANG_WARN_STRICT_PROTOTYPES = YES;
				CLANG_WARN_SUSPICIOUS_MOVE = YES;
				CLANG_WARN_UNGUARDED_AVAILABILITY = YES_AGGRESSIVE;
				CLANG_WARN_UNREACHABLE_CODE = YES;
				CLANG_WARN__DUPLICATE_METHOD_MATCH = YES;
				COPY_PHASE_STRIP = NO;
				DEBUG_INFORMATION_FORMAT = "dwarf-with-dsym";
				ENABLE_NS_ASSERTIONS = NO;
				ENABLE_STRICT_OBJC_MSGSEND = YES;
				ENABLE_USER_SCRIPT_SANDBOXING = YES;
				GCC_C_LANGUAGE_STANDARD = gnu17;
				GCC_NO_COMMON_BLOCKS = YES;
				GCC_WARN_64_TO_32_BIT_CONVERSION = YES;
				GCC_WARN_ABOUT_RETURN_TYPE = YES_ERROR;
				GCC_WARN_UNDECLARED_SELECTOR = YES;
				GCC_WARN_UNINITIALIZED_AUTOS = YES_AGGRESSIVE;
				GCC_WARN_UNUSED_FUNCTION = YES;
				GCC_WARN_UNUSED_VARIABLE = YES;
				IPHONEOS_DEPLOYMENT_TARGET = 18.1;
				LOCALIZATION_PREFERS_STRING_CATALOGS = YES;
				MTL_ENABLE_DEBUG_INFO = NO;
				MTL_FAST_MATH = YES;
				SDKROOT = iphoneos;
				SWIFT_COMPILATION_MODE = wholemodule;
				VALIDATE_PRODUCT = YES;
			};
			name = Release;
		};
		F83C73742CE593AB005C681A /* Debug */ = {
			isa = XCBuildConfiguration;
			baseConfigurationReference = CD5647F6F7F96BD669524E89 /* Pods-JustNewsTests.debug.xcconfig */;
			buildSettings = {
				BUNDLE_LOADER = "$(TEST_HOST)";
				CODE_SIGN_STYLE = Automatic;
				CURRENT_PROJECT_VERSION = 1;
				GENERATE_INFOPLIST_FILE = YES;
				IPHONEOS_DEPLOYMENT_TARGET = 18.1;
				MARKETING_VERSION = 1.0;
				PRODUCT_BUNDLE_IDENTIFIER = com.bawe.JustNewsTests;
				PRODUCT_NAME = "$(TARGET_NAME)";
				SWIFT_EMIT_LOC_STRINGS = NO;
				SWIFT_VERSION = 5.0;
				TARGETED_DEVICE_FAMILY = "1,2";
				TEST_HOST = "$(BUILT_PRODUCTS_DIR)/JustNews.app/$(BUNDLE_EXECUTABLE_FOLDER_PATH)/JustNews";
			};
			name = Debug;
		};
		F83C73752CE593AB005C681A /* Release */ = {
			isa = XCBuildConfiguration;
			baseConfigurationReference = 097B03315B83308917C5A1C7 /* Pods-JustNewsTests.release.xcconfig */;
			buildSettings = {
				BUNDLE_LOADER = "$(TEST_HOST)";
				CODE_SIGN_STYLE = Automatic;
				CURRENT_PROJECT_VERSION = 1;
				GENERATE_INFOPLIST_FILE = YES;
				IPHONEOS_DEPLOYMENT_TARGET = 18.1;
				MARKETING_VERSION = 1.0;
				PRODUCT_BUNDLE_IDENTIFIER = com.bawe.JustNewsTests;
				PRODUCT_NAME = "$(TARGET_NAME)";
				SWIFT_EMIT_LOC_STRINGS = NO;
				SWIFT_VERSION = 5.0;
				TARGETED_DEVICE_FAMILY = "1,2";
				TEST_HOST = "$(BUILT_PRODUCTS_DIR)/JustNews.app/$(BUNDLE_EXECUTABLE_FOLDER_PATH)/JustNews";
			};
			name = Release;
		};
		F83C73772CE593AB005C681A /* Debug */ = {
			isa = XCBuildConfiguration;
			baseConfigurationReference = 1BEC244628B271B99516918E /* Pods-JustNewsUITests.debug.xcconfig */;
			buildSettings = {
				CODE_SIGN_STYLE = Automatic;
				CURRENT_PROJECT_VERSION = 1;
				GENERATE_INFOPLIST_FILE = YES;
				MARKETING_VERSION = 1.0;
				PRODUCT_BUNDLE_IDENTIFIER = com.bawe.JustNewsUITests;
				PRODUCT_NAME = "$(TARGET_NAME)";
				SWIFT_EMIT_LOC_STRINGS = NO;
				SWIFT_VERSION = 5.0;
				TARGETED_DEVICE_FAMILY = "1,2";
				TEST_TARGET_NAME = JustNews;
			};
			name = Debug;
		};
		F83C73782CE593AB005C681A /* Release */ = {
			isa = XCBuildConfiguration;
			baseConfigurationReference = D017C77DA7EFFF5DA87A4C59 /* Pods-JustNewsUITests.release.xcconfig */;
			buildSettings = {
				CODE_SIGN_STYLE = Automatic;
				CURRENT_PROJECT_VERSION = 1;
				GENERATE_INFOPLIST_FILE = YES;
				MARKETING_VERSION = 1.0;
				PRODUCT_BUNDLE_IDENTIFIER = com.bawe.JustNewsUITests;
				PRODUCT_NAME = "$(TARGET_NAME)";
				SWIFT_EMIT_LOC_STRINGS = NO;
				SWIFT_VERSION = 5.0;
				TARGETED_DEVICE_FAMILY = "1,2";
				TEST_TARGET_NAME = JustNews;
			};
			name = Release;
		};
/* End XCBuildConfiguration section */

/* Begin XCConfigurationList section */
		F83C73402CE593A6005C681A /* Build configuration list for PBXProject "JustNews" */ = {
			isa = XCConfigurationList;
			buildConfigurations = (
				F83C73712CE593AB005C681A /* Debug */,
				F83C73722CE593AB005C681A /* Release */,
			);
			defaultConfigurationIsVisible = 0;
			defaultConfigurationName = Release;
		};
		F83C736E2CE593AB005C681A /* Build configuration list for PBXNativeTarget "JustNews" */ = {
			isa = XCConfigurationList;
			buildConfigurations = (
				F83C736F2CE593AB005C681A /* Debug */,
				F83C73702CE593AB005C681A /* Release */,
			);
			defaultConfigurationIsVisible = 0;
			defaultConfigurationName = Release;
		};
		F83C73732CE593AB005C681A /* Build configuration list for PBXNativeTarget "JustNewsTests" */ = {
			isa = XCConfigurationList;
			buildConfigurations = (
				F83C73742CE593AB005C681A /* Debug */,
				F83C73752CE593AB005C681A /* Release */,
			);
			defaultConfigurationIsVisible = 0;
			defaultConfigurationName = Release;
		};
		F83C73762CE593AB005C681A /* Build configuration list for PBXNativeTarget "JustNewsUITests" */ = {
			isa = XCConfigurationList;
			buildConfigurations = (
				F83C73772CE593AB005C681A /* Debug */,
				F83C73782CE593AB005C681A /* Release */,
			);
			defaultConfigurationIsVisible = 0;
			defaultConfigurationName = Release;
		};
/* End XCConfigurationList section */
	};
	rootObject = F83C733D2CE593A6005C681A /* Project object */;
}
